
Microsoft Visual Studio Solution File, Format Version 12.00
# Visual Studio Version 17
VisualStudioVersion = 17.9.34728.123
MinimumVisualStudioVersion = 10.0.40219.1
Project("{9A19103F-16F7-4668-BE54-9A1E7A4F7556}") = "ItemsWorksheet", "ItemsWorksheet\ItemsWorksheet.csproj", "{FE9E65AF-8855-43F2-A17A-D70A76F8CB39}"
EndProject
Project("{9A19103F-16F7-4668-BE54-9A1E7A4F7556}") = "DataAccess", "DataAccess\DataAccess.csproj", "{3B3CB718-69B2-4CA7-8669-01E0F5CD1C17}"
EndProject
Project("{FAE04EC0-301F-11D3-BF4B-00C04F79EFBC}") = "TrainingAPI", "TrainingAPI\TrainingAPI.csproj", "{C83DAD87-A9F8-4CAA-B015-3EA1650DBDF5}"
EndProject
Global
	GlobalSection(SolutionConfigurationPlatforms) = preSolution
		Debug|Any CPU = Debug|Any CPU
		Release|Any CPU = Release|Any CPU
	EndGlobalSection
	GlobalSection(ProjectConfigurationPlatforms) = postSolution
		{FE9E65AF-8855-43F2-A17A-D70A76F8CB39}.Debug|Any CPU.ActiveCfg = Debug|Any CPU
		{FE9E65AF-8855-43F2-A17A-D70A76F8CB39}.Debug|Any CPU.Build.0 = Debug|Any CPU
		{FE9E65AF-8855-43F2-A17A-D70A76F8CB39}.Release|Any CPU.ActiveCfg = Release|Any CPU
		{FE9E65AF-8855-43F2-A17A-D70A76F8CB39}.Release|Any CPU.Build.0 = Release|Any CPU
		{3B3CB718-69B2-4CA7-8669-01E0F5CD1C17}.Debug|Any CPU.ActiveCfg = Debug|Any CPU
		{3B3CB718-69B2-4CA7-8669-01E0F5CD1C17}.Debug|Any CPU.Build.0 = Debug|Any CPU
		{3B3CB718-69B2-4CA7-8669-01E0F5CD1C17}.Release|Any CPU.ActiveCfg = Release|Any CPU
		{3B3CB718-69B2-4CA7-8669-01E0F5CD1C17}.Release|Any CPU.Build.0 = Release|Any CPU
		{C83DAD87-A9F8-4CAA-B015-3EA1650DBDF5}.Debug|Any CPU.ActiveCfg = Debug|Any CPU
		{C83DAD87-A9F8-4CAA-B015-3EA1650DBDF5}.Debug|Any CPU.Build.0 = Debug|Any CPU
		{C83DAD87-A9F8-4CAA-B015-3EA1650DBDF5}.Release|Any CPU.ActiveCfg = Release|Any CPU
		{C83DAD87-A9F8-4CAA-B015-3EA1650DBDF5}.Release|Any CPU.Build.0 = Release|Any CPU
	EndGlobalSection
	GlobalSection(SolutionProperties) = preSolution
		HideSolutionNode = FALSE
	EndGlobalSection
	GlobalSection(ExtensibilityGlobals) = postSolution
		SolutionGuid = {3D295A06-376A-4B22-99C5-979880DEE29C}
	EndGlobalSection
EndGlobal
